// !$*UTF8*$!
{
	archiveVersion = 1;
	classes = {
	};
	objectVersion = 55;
	objects = {

/* Begin PBXBuildFile section */
		06527FDE2819A906001FB6E2 /* AppDelegate.swift in Sources */ = {isa = PBXBuildFile; fileRef = 06527FDD2819A906001FB6E2 /* AppDelegate.swift */; };
		06527FE02819A906001FB6E2 /* SceneDelegate.swift in Sources */ = {isa = PBXBuildFile; fileRef = 06527FDF2819A906001FB6E2 /* SceneDelegate.swift */; };
		06527FE52819A906001FB6E2 /* Main.storyboard in Resources */ = {isa = PBXBuildFile; fileRef = 06527FE32819A906001FB6E2 /* Main.storyboard */; };
		06527FE82819A906001FB6E2 /* Shanner.xcdatamodeld in Sources */ = {isa = PBXBuildFile; fileRef = 06527FE62819A906001FB6E2 /* Shanner.xcdatamodeld */; };
		06527FEA2819A908001FB6E2 /* Assets.xcassets in Resources */ = {isa = PBXBuildFile; fileRef = 06527FE92819A908001FB6E2 /* Assets.xcassets */; };
		06527FED2819A908001FB6E2 /* LaunchScreen.storyboard in Resources */ = {isa = PBXBuildFile; fileRef = 06527FEB2819A908001FB6E2 /* LaunchScreen.storyboard */; };
		06527FF82819A908001FB6E2 /* ShannerTests.swift in Sources */ = {isa = PBXBuildFile; fileRef = 06527FF72819A908001FB6E2 /* ShannerTests.swift */; };
		065280022819A908001FB6E2 /* ShannerUITests.swift in Sources */ = {isa = PBXBuildFile; fileRef = 065280012819A908001FB6E2 /* ShannerUITests.swift */; };
		065280042819A908001FB6E2 /* ShannerUITestsLaunchTests.swift in Sources */ = {isa = PBXBuildFile; fileRef = 065280032819A908001FB6E2 /* ShannerUITestsLaunchTests.swift */; };
		065280112819B7BF001FB6E2 /* ScannerViewController.swift in Sources */ = {isa = PBXBuildFile; fileRef = 065280102819B7BF001FB6E2 /* ScannerViewController.swift */; };
		06796E4F2821B5B900C9B4E1 /* DocumentsTableViewCell.swift in Sources */ = {isa = PBXBuildFile; fileRef = 06796E4D2821B5B900C9B4E1 /* DocumentsTableViewCell.swift */; };
		06796E502821B5B900C9B4E1 /* DocumentsTableViewCell.xib in Resources */ = {isa = PBXBuildFile; fileRef = 06796E4E2821B5B900C9B4E1 /* DocumentsTableViewCell.xib */; };
		06A33F2028242A7400BC2B20 /* DocumentViewController.swift in Sources */ = {isa = PBXBuildFile; fileRef = 06A33F1F28242A7400BC2B20 /* DocumentViewController.swift */; };
		06A33F2228243FF500BC2B20 /* DocumentActivityItemSource.swift in Sources */ = {isa = PBXBuildFile; fileRef = 06A33F2128243FF500BC2B20 /* DocumentActivityItemSource.swift */; };
		06A33F2428259CBB00BC2B20 /* DocumentTitleView.swift in Sources */ = {isa = PBXBuildFile; fileRef = 06A33F2328259CBB00BC2B20 /* DocumentTitleView.swift */; };
		06E462CD281C2D8C0060D16B /* Document.swift in Sources */ = {isa = PBXBuildFile; fileRef = 06E462CC281C2D8C0060D16B /* Document.swift */; };
		06E462CF28203AA10060D16B /* DocumentsTableViewController.swift in Sources */ = {isa = PBXBuildFile; fileRef = 06E462CE28203AA10060D16B /* DocumentsTableViewController.swift */; };
/* End PBXBuildFile section */

/* Begin PBXContainerItemProxy section */
		06527FF42819A908001FB6E2 /* PBXContainerItemProxy */ = {
			isa = PBXContainerItemProxy;
			containerPortal = 06527FD22819A906001FB6E2 /* Project object */;
			proxyType = 1;
			remoteGlobalIDString = 06527FD92819A906001FB6E2;
			remoteInfo = Shanner;
		};
		06527FFE2819A908001FB6E2 /* PBXContainerItemProxy */ = {
			isa = PBXContainerItemProxy;
			containerPortal = 06527FD22819A906001FB6E2 /* Project object */;
			proxyType = 1;
			remoteGlobalIDString = 06527FD92819A906001FB6E2;
			remoteInfo = Shanner;
		};
/* End PBXContainerItemProxy section */

/* Begin PBXFileReference section */
		06527FDA2819A906001FB6E2 /* Shanner.app */ = {isa = PBXFileReference; explicitFileType = wrapper.application; includeInIndex = 0; path = Shanner.app; sourceTree = BUILT_PRODUCTS_DIR; };
		06527FDD2819A906001FB6E2 /* AppDelegate.swift */ = {isa = PBXFileReference; lastKnownFileType = sourcecode.swift; path = AppDelegate.swift; sourceTree = "<group>"; };
		06527FDF2819A906001FB6E2 /* SceneDelegate.swift */ = {isa = PBXFileReference; lastKnownFileType = sourcecode.swift; path = SceneDelegate.swift; sourceTree = "<group>"; };
		06527FE42819A906001FB6E2 /* Base */ = {isa = PBXFileReference; lastKnownFileType = file.storyboard; name = Base; path = Base.lproj/Main.storyboard; sourceTree = "<group>"; };
		06527FE72819A906001FB6E2 /* Shanner.xcdatamodel */ = {isa = PBXFileReference; lastKnownFileType = wrapper.xcdatamodel; path = Shanner.xcdatamodel; sourceTree = "<group>"; };
		06527FE92819A908001FB6E2 /* Assets.xcassets */ = {isa = PBXFileReference; lastKnownFileType = folder.assetcatalog; path = Assets.xcassets; sourceTree = "<group>"; };
		06527FEC2819A908001FB6E2 /* Base */ = {isa = PBXFileReference; lastKnownFileType = file.storyboard; name = Base; path = Base.lproj/LaunchScreen.storyboard; sourceTree = "<group>"; };
		06527FEE2819A908001FB6E2 /* Info.plist */ = {isa = PBXFileReference; lastKnownFileType = text.plist.xml; path = Info.plist; sourceTree = "<group>"; };
		06527FF32819A908001FB6E2 /* ShannerTests.xctest */ = {isa = PBXFileReference; explicitFileType = wrapper.cfbundle; includeInIndex = 0; path = ShannerTests.xctest; sourceTree = BUILT_PRODUCTS_DIR; };
		06527FF72819A908001FB6E2 /* ShannerTests.swift */ = {isa = PBXFileReference; lastKnownFileType = sourcecode.swift; path = ShannerTests.swift; sourceTree = "<group>"; };
		06527FFD2819A908001FB6E2 /* ShannerUITests.xctest */ = {isa = PBXFileReference; explicitFileType = wrapper.cfbundle; includeInIndex = 0; path = ShannerUITests.xctest; sourceTree = BUILT_PRODUCTS_DIR; };
		065280012819A908001FB6E2 /* ShannerUITests.swift */ = {isa = PBXFileReference; lastKnownFileType = sourcecode.swift; path = ShannerUITests.swift; sourceTree = "<group>"; };
		065280032819A908001FB6E2 /* ShannerUITestsLaunchTests.swift */ = {isa = PBXFileReference; lastKnownFileType = sourcecode.swift; path = ShannerUITestsLaunchTests.swift; sourceTree = "<group>"; };
		065280102819B7BF001FB6E2 /* ScannerViewController.swift */ = {isa = PBXFileReference; lastKnownFileType = sourcecode.swift; path = ScannerViewController.swift; sourceTree = "<group>"; };
		06796E4D2821B5B900C9B4E1 /* DocumentsTableViewCell.swift */ = {isa = PBXFileReference; lastKnownFileType = sourcecode.swift; path = DocumentsTableViewCell.swift; sourceTree = "<group>"; };
		06796E4E2821B5B900C9B4E1 /* DocumentsTableViewCell.xib */ = {isa = PBXFileReference; lastKnownFileType = file.xib; path = DocumentsTableViewCell.xib; sourceTree = "<group>"; };
		06A33F1F28242A7400BC2B20 /* DocumentViewController.swift */ = {isa = PBXFileReference; lastKnownFileType = sourcecode.swift; path = DocumentViewController.swift; sourceTree = "<group>"; };
		06A33F2128243FF500BC2B20 /* DocumentActivityItemSource.swift */ = {isa = PBXFileReference; lastKnownFileType = sourcecode.swift; path = DocumentActivityItemSource.swift; sourceTree = "<group>"; };
		06A33F2328259CBB00BC2B20 /* DocumentTitleView.swift */ = {isa = PBXFileReference; lastKnownFileType = sourcecode.swift; path = DocumentTitleView.swift; sourceTree = "<group>"; };
		06E462CC281C2D8C0060D16B /* Document.swift */ = {isa = PBXFileReference; lastKnownFileType = sourcecode.swift; path = Document.swift; sourceTree = "<group>"; };
		06E462CE28203AA10060D16B /* DocumentsTableViewController.swift */ = {isa = PBXFileReference; lastKnownFileType = sourcecode.swift; path = DocumentsTableViewController.swift; sourceTree = "<group>"; };
/* End PBXFileReference section */

/* Begin PBXFrameworksBuildPhase section */
		06527FD72819A906001FB6E2 /* Frameworks */ = {
			isa = PBXFrameworksBuildPhase;
			buildActionMask = 2147483647;
			files = (
			);
			runOnlyForDeploymentPostprocessing = 0;
		};
		06527FF02819A908001FB6E2 /* Frameworks */ = {
			isa = PBXFrameworksBuildPhase;
			buildActionMask = 2147483647;
			files = (
			);
			runOnlyForDeploymentPostprocessing = 0;
		};
		06527FFA2819A908001FB6E2 /* Frameworks */ = {
			isa = PBXFrameworksBuildPhase;
			buildActionMask = 2147483647;
			files = (
			);
			runOnlyForDeploymentPostprocessing = 0;
		};
/* End PBXFrameworksBuildPhase section */

/* Begin PBXGroup section */
		06527FD12819A906001FB6E2 = {
			isa = PBXGroup;
			children = (
				06527FDC2819A906001FB6E2 /* Shanner */,
				06527FF62819A908001FB6E2 /* ShannerTests */,
				065280002819A908001FB6E2 /* ShannerUITests */,
				06527FDB2819A906001FB6E2 /* Products */,
			);
			sourceTree = "<group>";
		};
		06527FDB2819A906001FB6E2 /* Products */ = {
			isa = PBXGroup;
			children = (
				06527FDA2819A906001FB6E2 /* Shanner.app */,
				06527FF32819A908001FB6E2 /* ShannerTests.xctest */,
				06527FFD2819A908001FB6E2 /* ShannerUITests.xctest */,
			);
			name = Products;
			sourceTree = "<group>";
		};
		06527FDC2819A906001FB6E2 /* Shanner */ = {
			isa = PBXGroup;
			children = (
				06E462C7281B11220060D16B /* Delegate */,
				06E462CB281C2D770060D16B /* Model */,
				06E462C8281B14D70060D16B /* View */,
				06E462C6281B11100060D16B /* ViewController */,
				06527FE32819A906001FB6E2 /* Main.storyboard */,
				06527FE92819A908001FB6E2 /* Assets.xcassets */,
				06527FEB2819A908001FB6E2 /* LaunchScreen.storyboard */,
				06527FEE2819A908001FB6E2 /* Info.plist */,
				06527FE62819A906001FB6E2 /* Shanner.xcdatamodeld */,
			);
			path = Shanner;
			sourceTree = "<group>";
		};
		06527FF62819A908001FB6E2 /* ShannerTests */ = {
			isa = PBXGroup;
			children = (
				06527FF72819A908001FB6E2 /* ShannerTests.swift */,
			);
			path = ShannerTests;
			sourceTree = "<group>";
		};
		065280002819A908001FB6E2 /* ShannerUITests */ = {
			isa = PBXGroup;
			children = (
				065280012819A908001FB6E2 /* ShannerUITests.swift */,
				065280032819A908001FB6E2 /* ShannerUITestsLaunchTests.swift */,
			);
			path = ShannerUITests;
			sourceTree = "<group>";
		};
		06E462C6281B11100060D16B /* ViewController */ = {
			isa = PBXGroup;
			children = (
				06E462CE28203AA10060D16B /* DocumentsTableViewController.swift */,
				06A33F1F28242A7400BC2B20 /* DocumentViewController.swift */,
				065280102819B7BF001FB6E2 /* ScannerViewController.swift */,
			);
			path = ViewController;
			sourceTree = "<group>";
		};
		06E462C7281B11220060D16B /* Delegate */ = {
			isa = PBXGroup;
			children = (
				06527FDD2819A906001FB6E2 /* AppDelegate.swift */,
				06527FDF2819A906001FB6E2 /* SceneDelegate.swift */,
			);
			path = Delegate;
			sourceTree = "<group>";
		};
		06E462C8281B14D70060D16B /* View */ = {
			isa = PBXGroup;
			children = (
				06796E4D2821B5B900C9B4E1 /* DocumentsTableViewCell.swift */,
				06796E4E2821B5B900C9B4E1 /* DocumentsTableViewCell.xib */,
				06A33F2328259CBB00BC2B20 /* DocumentTitleView.swift */,
			);
			path = View;
			sourceTree = "<group>";
		};
		06E462CB281C2D770060D16B /* Model */ = {
			isa = PBXGroup;
			children = (
				06E462CC281C2D8C0060D16B /* Document.swift */,
				06A33F2128243FF500BC2B20 /* DocumentActivityItemSource.swift */,
			);
			path = Model;
			sourceTree = "<group>";
		};
/* End PBXGroup section */

/* Begin PBXNativeTarget section */
		06527FD92819A906001FB6E2 /* Shanner */ = {
			isa = PBXNativeTarget;
			buildConfigurationList = 065280072819A908001FB6E2 /* Build configuration list for PBXNativeTarget "Shanner" */;
			buildPhases = (
				06527FD62819A906001FB6E2 /* Sources */,
				06527FD72819A906001FB6E2 /* Frameworks */,
				06527FD82819A906001FB6E2 /* Resources */,
			);
			buildRules = (
			);
			dependencies = (
			);
			name = Shanner;
			productName = Shanner;
			productReference = 06527FDA2819A906001FB6E2 /* Shanner.app */;
			productType = "com.apple.product-type.application";
		};
		06527FF22819A908001FB6E2 /* ShannerTests */ = {
			isa = PBXNativeTarget;
			buildConfigurationList = 0652800A2819A908001FB6E2 /* Build configuration list for PBXNativeTarget "ShannerTests" */;
			buildPhases = (
				06527FEF2819A908001FB6E2 /* Sources */,
				06527FF02819A908001FB6E2 /* Frameworks */,
				06527FF12819A908001FB6E2 /* Resources */,
			);
			buildRules = (
			);
			dependencies = (
				06527FF52819A908001FB6E2 /* PBXTargetDependency */,
			);
			name = ShannerTests;
			productName = ShannerTests;
			productReference = 06527FF32819A908001FB6E2 /* ShannerTests.xctest */;
			productType = "com.apple.product-type.bundle.unit-test";
		};
		06527FFC2819A908001FB6E2 /* ShannerUITests */ = {
			isa = PBXNativeTarget;
			buildConfigurationList = 0652800D2819A908001FB6E2 /* Build configuration list for PBXNativeTarget "ShannerUITests" */;
			buildPhases = (
				06527FF92819A908001FB6E2 /* Sources */,
				06527FFA2819A908001FB6E2 /* Frameworks */,
				06527FFB2819A908001FB6E2 /* Resources */,
			);
			buildRules = (
			);
			dependencies = (
				06527FFF2819A908001FB6E2 /* PBXTargetDependency */,
			);
			name = ShannerUITests;
			productName = ShannerUITests;
			productReference = 06527FFD2819A908001FB6E2 /* ShannerUITests.xctest */;
			productType = "com.apple.product-type.bundle.ui-testing";
		};
/* End PBXNativeTarget section */

/* Begin PBXProject section */
		06527FD22819A906001FB6E2 /* Project object */ = {
			isa = PBXProject;
			attributes = {
				BuildIndependentTargetsInParallel = 1;
				LastSwiftUpdateCheck = 1330;
				LastUpgradeCheck = 1330;
				TargetAttributes = {
					06527FD92819A906001FB6E2 = {
						CreatedOnToolsVersion = 13.3;
					};
					06527FF22819A908001FB6E2 = {
						CreatedOnToolsVersion = 13.3;
						TestTargetID = 06527FD92819A906001FB6E2;
					};
					06527FFC2819A908001FB6E2 = {
						CreatedOnToolsVersion = 13.3;
						TestTargetID = 06527FD92819A906001FB6E2;
					};
				};
			};
			buildConfigurationList = 06527FD52819A906001FB6E2 /* Build configuration list for PBXProject "Shanner" */;
			compatibilityVersion = "Xcode 13.0";
			developmentRegion = en;
			hasScannedForEncodings = 0;
			knownRegions = (
				en,
				Base,
			);
			mainGroup = 06527FD12819A906001FB6E2;
			productRefGroup = 06527FDB2819A906001FB6E2 /* Products */;
			projectDirPath = "";
			projectRoot = "";
			targets = (
				06527FD92819A906001FB6E2 /* Shanner */,
				06527FF22819A908001FB6E2 /* ShannerTests */,
				06527FFC2819A908001FB6E2 /* ShannerUITests */,
			);
		};
/* End PBXProject section */

/* Begin PBXResourcesBuildPhase section */
		06527FD82819A906001FB6E2 /* Resources */ = {
			isa = PBXResourcesBuildPhase;
			buildActionMask = 2147483647;
			files = (
				06796E502821B5B900C9B4E1 /* DocumentsTableViewCell.xib in Resources */,
				06527FED2819A908001FB6E2 /* LaunchScreen.storyboard in Resources */,
				06527FEA2819A908001FB6E2 /* Assets.xcassets in Resources */,
				06527FE52819A906001FB6E2 /* Main.storyboard in Resources */,
			);
			runOnlyForDeploymentPostprocessing = 0;
		};
		06527FF12819A908001FB6E2 /* Resources */ = {
			isa = PBXResourcesBuildPhase;
			buildActionMask = 2147483647;
			files = (
			);
			runOnlyForDeploymentPostprocessing = 0;
		};
		06527FFB2819A908001FB6E2 /* Resources */ = {
			isa = PBXResourcesBuildPhase;
			buildActionMask = 2147483647;
			files = (
			);
			runOnlyForDeploymentPostprocessing = 0;
		};
/* End PBXResourcesBuildPhase section */

/* Begin PBXSourcesBuildPhase section */
		06527FD62819A906001FB6E2 /* Sources */ = {
			isa = PBXSourcesBuildPhase;
			buildActionMask = 2147483647;
			files = (
				06A33F2428259CBB00BC2B20 /* DocumentTitleView.swift in Sources */,
				06796E4F2821B5B900C9B4E1 /* DocumentsTableViewCell.swift in Sources */,
				06527FDE2819A906001FB6E2 /* AppDelegate.swift in Sources */,
				06527FE02819A906001FB6E2 /* SceneDelegate.swift in Sources */,
				06A33F2228243FF500BC2B20 /* DocumentActivityItemSource.swift in Sources */,
				06527FE82819A906001FB6E2 /* Shanner.xcdatamodeld in Sources */,
				06E462CD281C2D8C0060D16B /* Document.swift in Sources */,
				06A33F2028242A7400BC2B20 /* DocumentViewController.swift in Sources */,
				06E462CF28203AA10060D16B /* DocumentsTableViewController.swift in Sources */,
				065280112819B7BF001FB6E2 /* ScannerViewController.swift in Sources */,
			);
			runOnlyForDeploymentPostprocessing = 0;
		};
		06527FEF2819A908001FB6E2 /* Sources */ = {
			isa = PBXSourcesBuildPhase;
			buildActionMask = 2147483647;
			files = (
				06527FF82819A908001FB6E2 /* ShannerTests.swift in Sources */,
			);
			runOnlyForDeploymentPostprocessing = 0;
		};
		06527FF92819A908001FB6E2 /* Sources */ = {
			isa = PBXSourcesBuildPhase;
			buildActionMask = 2147483647;
			files = (
				065280042819A908001FB6E2 /* ShannerUITestsLaunchTests.swift in Sources */,
				065280022819A908001FB6E2 /* ShannerUITests.swift in Sources */,
			);
			runOnlyForDeploymentPostprocessing = 0;
		};
/* End PBXSourcesBuildPhase section */

/* Begin PBXTargetDependency section */
		06527FF52819A908001FB6E2 /* PBXTargetDependency */ = {
			isa = PBXTargetDependency;
			target = 06527FD92819A906001FB6E2 /* Shanner */;
			targetProxy = 06527FF42819A908001FB6E2 /* PBXContainerItemProxy */;
		};
		06527FFF2819A908001FB6E2 /* PBXTargetDependency */ = {
			isa = PBXTargetDependency;
			target = 06527FD92819A906001FB6E2 /* Shanner */;
			targetProxy = 06527FFE2819A908001FB6E2 /* PBXContainerItemProxy */;
		};
/* End PBXTargetDependency section */

/* Begin PBXVariantGroup section */
		06527FE32819A906001FB6E2 /* Main.storyboard */ = {
			isa = PBXVariantGroup;
			children = (
				06527FE42819A906001FB6E2 /* Base */,
			);
			name = Main.storyboard;
			sourceTree = "<group>";
		};
		06527FEB2819A908001FB6E2 /* LaunchScreen.storyboard */ = {
			isa = PBXVariantGroup;
			children = (
				06527FEC2819A908001FB6E2 /* Base */,
			);
			name = LaunchScreen.storyboard;
			sourceTree = "<group>";
		};
/* End PBXVariantGroup section */

/* Begin XCBuildConfiguration section */
		065280052819A908001FB6E2 /* Debug */ = {
			isa = XCBuildConfiguration;
			buildSettings = {
				ALWAYS_SEARCH_USER_PATHS = NO;
				CLANG_ANALYZER_NONNULL = YES;
				CLANG_ANALYZER_NUMBER_OBJECT_CONVERSION = YES_AGGRESSIVE;
				CLANG_CXX_LANGUAGE_STANDARD = "gnu++17";
				CLANG_ENABLE_MODULES = YES;
				CLANG_ENABLE_OBJC_ARC = YES;
				CLANG_ENABLE_OBJC_WEAK = YES;
				CLANG_WARN_BLOCK_CAPTURE_AUTORELEASING = YES;
				CLANG_WARN_BOOL_CONVERSION = YES;
				CLANG_WARN_COMMA = YES;
				CLANG_WARN_CONSTANT_CONVERSION = YES;
				CLANG_WARN_DEPRECATED_OBJC_IMPLEMENTATIONS = YES;
				CLANG_WARN_DIRECT_OBJC_ISA_USAGE = YES_ERROR;
				CLANG_WARN_DOCUMENTATION_COMMENTS = YES;
				CLANG_WARN_EMPTY_BODY = YES;
				CLANG_WARN_ENUM_CONVERSION = YES;
				CLANG_WARN_INFINITE_RECURSION = YES;
				CLANG_WARN_INT_CONVERSION = YES;
				CLANG_WARN_NON_LITERAL_NULL_CONVERSION = YES;
				CLANG_WARN_OBJC_IMPLICIT_RETAIN_SELF = YES;
				CLANG_WARN_OBJC_LITERAL_CONVERSION = YES;
				CLANG_WARN_OBJC_ROOT_CLASS = YES_ERROR;
				CLANG_WARN_QUOTED_INCLUDE_IN_FRAMEWORK_HEADER = YES;
				CLANG_WARN_RANGE_LOOP_ANALYSIS = YES;
				CLANG_WARN_STRICT_PROTOTYPES = YES;
				CLANG_WARN_SUSPICIOUS_MOVE = YES;
				CLANG_WARN_UNGUARDED_AVAILABILITY = YES_AGGRESSIVE;
				CLANG_WARN_UNREACHABLE_CODE = YES;
				CLANG_WARN__DUPLICATE_METHOD_MATCH = YES;
				COPY_PHASE_STRIP = NO;
				DEBUG_INFORMATION_FORMAT = dwarf;
				ENABLE_STRICT_OBJC_MSGSEND = YES;
				ENABLE_TESTABILITY = YES;
				GCC_C_LANGUAGE_STANDARD = gnu11;
				GCC_DYNAMIC_NO_PIC = NO;
				GCC_NO_COMMON_BLOCKS = YES;
				GCC_OPTIMIZATION_LEVEL = 0;
				GCC_PREPROCESSOR_DEFINITIONS = (
					"DEBUG=1",
					"$(inherited)",
				);
				GCC_WARN_64_TO_32_BIT_CONVERSION = YES;
				GCC_WARN_ABOUT_RETURN_TYPE = YES_ERROR;
				GCC_WARN_UNDECLARED_SELECTOR = YES;
				GCC_WARN_UNINITIALIZED_AUTOS = YES_AGGRESSIVE;
				GCC_WARN_UNUSED_FUNCTION = YES;
				GCC_WARN_UNUSED_VARIABLE = YES;
				IPHONEOS_DEPLOYMENT_TARGET = 15.4;
				MTL_ENABLE_DEBUG_INFO = INCLUDE_SOURCE;
				MTL_FAST_MATH = YES;
				ONLY_ACTIVE_ARCH = YES;
				SDKROOT = iphoneos;
				SWIFT_ACTIVE_COMPILATION_CONDITIONS = DEBUG;
				SWIFT_OPTIMIZATION_LEVEL = "-Onone";
			};
			name = Debug;
		};
		065280062819A908001FB6E2 /* Release */ = {
			isa = XCBuildConfiguration;
			buildSettings = {
				ALWAYS_SEARCH_USER_PATHS = NO;
				CLANG_ANALYZER_NONNULL = YES;
				CLANG_ANALYZER_NUMBER_OBJECT_CONVERSION = YES_AGGRESSIVE;
				CLANG_CXX_LANGUAGE_STANDARD = "gnu++17";
				CLANG_ENABLE_MODULES = YES;
				CLANG_ENABLE_OBJC_ARC = YES;
				CLANG_ENABLE_OBJC_WEAK = YES;
				CLANG_WARN_BLOCK_CAPTURE_AUTORELEASING = YES;
				CLANG_WARN_BOOL_CONVERSION = YES;
				CLANG_WARN_COMMA = YES;
				CLANG_WARN_CONSTANT_CONVERSION = YES;
				CLANG_WARN_DEPRECATED_OBJC_IMPLEMENTATIONS = YES;
				CLANG_WARN_DIRECT_OBJC_ISA_USAGE = YES_ERROR;
				CLANG_WARN_DOCUMENTATION_COMMENTS = YES;
				CLANG_WARN_EMPTY_BODY = YES;
				CLANG_WARN_ENUM_CONVERSION = YES;
				CLANG_WARN_INFINITE_RECURSION = YES;
				CLANG_WARN_INT_CONVERSION = YES;
				CLANG_WARN_NON_LITERAL_NULL_CONVERSION = YES;
				CLANG_WARN_OBJC_IMPLICIT_RETAIN_SELF = YES;
				CLANG_WARN_OBJC_LITERAL_CONVERSION = YES;
				CLANG_WARN_OBJC_ROOT_CLASS = YES_ERROR;
				CLANG_WARN_QUOTED_INCLUDE_IN_FRAMEWORK_HEADER = YES;
				CLANG_WARN_RANGE_LOOP_ANALYSIS = YES;
				CLANG_WARN_STRICT_PROTOTYPES = YES;
				CLANG_WARN_SUSPICIOUS_MOVE = YES;
				CLANG_WARN_UNGUARDED_AVAILABILITY = YES_AGGRESSIVE;
				CLANG_WARN_UNREACHABLE_CODE = YES;
				CLANG_WARN__DUPLICATE_METHOD_MATCH = YES;
				COPY_PHASE_STRIP = NO;
				DEBUG_INFORMATION_FORMAT = "dwarf-with-dsym";
				ENABLE_NS_ASSERTIONS = NO;
				ENABLE_STRICT_OBJC_MSGSEND = YES;
				GCC_C_LANGUAGE_STANDARD = gnu11;
				GCC_NO_COMMON_BLOCKS = YES;
				GCC_WARN_64_TO_32_BIT_CONVERSION = YES;
				GCC_WARN_ABOUT_RETURN_TYPE = YES_ERROR;
				GCC_WARN_UNDECLARED_SELECTOR = YES;
				GCC_WARN_UNINITIALIZED_AUTOS = YES_AGGRESSIVE;
				GCC_WARN_UNUSED_FUNCTION = YES;
				GCC_WARN_UNUSED_VARIABLE = YES;
				IPHONEOS_DEPLOYMENT_TARGET = 15.4;
				MTL_ENABLE_DEBUG_INFO = NO;
				MTL_FAST_MATH = YES;
				SDKROOT = iphoneos;
				SWIFT_COMPILATION_MODE = wholemodule;
				SWIFT_OPTIMIZATION_LEVEL = "-O";
				VALIDATE_PRODUCT = YES;
			};
			name = Release;
		};
		065280082819A908001FB6E2 /* Debug */ = {
			isa = XCBuildConfiguration;
			buildSettings = {
				ASSETCATALOG_COMPILER_APPICON_NAME = AppIcon;
				ASSETCATALOG_COMPILER_GLOBAL_ACCENT_COLOR_NAME = AccentColor;
				CODE_SIGN_STYLE = Automatic;
				CURRENT_PROJECT_VERSION = 1;
				DEVELOPMENT_TEAM = V7ET8TF7ZR;
				GENERATE_INFOPLIST_FILE = YES;
				INFOPLIST_FILE = Shanner/Info.plist;
				INFOPLIST_KEY_UIApplicationSupportsIndirectInputEvents = YES;
				INFOPLIST_KEY_UILaunchStoryboardName = LaunchScreen;
				INFOPLIST_KEY_UIMainStoryboardFile = Main;
				INFOPLIST_KEY_UISupportedInterfaceOrientations_iPad = "UIInterfaceOrientationPortrait UIInterfaceOrientationPortraitUpsideDown UIInterfaceOrientationLandscapeLeft UIInterfaceOrientationLandscapeRight";
				INFOPLIST_KEY_UISupportedInterfaceOrientations_iPhone = "UIInterfaceOrientationPortrait UIInterfaceOrientationLandscapeLeft UIInterfaceOrientationLandscapeRight";
				LD_RUNPATH_SEARCH_PATHS = (
					"$(inherited)",
					"@executable_path/Frameworks",
				);
				MARKETING_VERSION = 1.0;
				PRODUCT_BUNDLE_IDENTIFIER = com.timozacherl.Shanner;
				PRODUCT_NAME = "$(TARGET_NAME)";
				SWIFT_EMIT_LOC_STRINGS = YES;
				SWIFT_VERSION = 5.0;
				TARGETED_DEVICE_FAMILY = "1,2";
			};
			name = Debug;
		};
		065280092819A908001FB6E2 /* Release */ = {
			isa = XCBuildConfiguration;
			buildSettings = {
				ASSETCATALOG_COMPILER_APPICON_NAME = AppIcon;
				ASSETCATALOG_COMPILER_GLOBAL_ACCENT_COLOR_NAME = AccentColor;
				CODE_SIGN_STYLE = Automatic;
				CURRENT_PROJECT_VERSION = 1;
				DEVELOPMENT_TEAM = V7ET8TF7ZR;
				GENERATE_INFOPLIST_FILE = YES;
				INFOPLIST_FILE = Shanner/Info.plist;
				INFOPLIST_KEY_UIApplicationSupportsIndirectInputEvents = YES;
				INFOPLIST_KEY_UILaunchStoryboardName = LaunchScreen;
				INFOPLIST_KEY_UIMainStoryboardFile = Main;
				INFOPLIST_KEY_UISupportedInterfaceOrientations_iPad = "UIInterfaceOrientationPortrait UIInterfaceOrientationPortraitUpsideDown UIInterfaceOrientationLandscapeLeft UIInterfaceOrientationLandscapeRight";
				INFOPLIST_KEY_UISupportedInterfaceOrientations_iPhone = "UIInterfaceOrientationPortrait UIInterfaceOrientationLandscapeLeft UIInterfaceOrientationLandscapeRight";
				LD_RUNPATH_SEARCH_PATHS = (
					"$(inherited)",
					"@executable_path/Frameworks",
				);
				MARKETING_VERSION = 1.0;
				PRODUCT_BUNDLE_IDENTIFIER = com.timozacherl.Shanner;
				PRODUCT_NAME = "$(TARGET_NAME)";
				SWIFT_EMIT_LOC_STRINGS = YES;
				SWIFT_VERSION = 5.0;
				TARGETED_DEVICE_FAMILY = "1,2";
			};
			name = Release;
		};
		0652800B2819A908001FB6E2 /* Debug */ = {
			isa = XCBuildConfiguration;
			buildSettings = {
				ALWAYS_EMBED_SWIFT_STANDARD_LIBRARIES = YES;
				BUNDLE_LOADER = "$(TEST_HOST)";
				CODE_SIGN_STYLE = Automatic;
				CURRENT_PROJECT_VERSION = 1;
				DEVELOPMENT_TEAM = V7ET8TF7ZR;
				GENERATE_INFOPLIST_FILE = YES;
				IPHONEOS_DEPLOYMENT_TARGET = 15.4;
				MARKETING_VERSION = 1.0;
				PRODUCT_BUNDLE_IDENTIFIER = com.timozacherl.ShannerTests;
				PRODUCT_NAME = "$(TARGET_NAME)";
				SWIFT_EMIT_LOC_STRINGS = NO;
				SWIFT_VERSION = 5.0;
				TARGETED_DEVICE_FAMILY = "1,2";
				TEST_HOST = "$(BUILT_PRODUCTS_DIR)/Shanner.app/Shanner";
			};
			name = Debug;
		};
		0652800C2819A908001FB6E2 /* Release */ = {
			isa = XCBuildConfiguration;
			buildSettings = {
				ALWAYS_EMBED_SWIFT_STANDARD_LIBRARIES = YES;
				BUNDLE_LOADER = "$(TEST_HOST)";
				CODE_SIGN_STYLE = Automatic;
				CURRENT_PROJECT_VERSION = 1;
				DEVELOPMENT_TEAM = V7ET8TF7ZR;
				GENERATE_INFOPLIST_FILE = YES;
				IPHONEOS_DEPLOYMENT_TARGET = 15.4;
				MARKETING_VERSION = 1.0;
				PRODUCT_BUNDLE_IDENTIFIER = com.timozacherl.ShannerTests;
				PRODUCT_NAME = "$(TARGET_NAME)";
				SWIFT_EMIT_LOC_STRINGS = NO;
				SWIFT_VERSION = 5.0;
				TARGETED_DEVICE_FAMILY = "1,2";
				TEST_HOST = "$(BUILT_PRODUCTS_DIR)/Shanner.app/Shanner";
			};
			name = Release;
		};
		0652800E2819A908001FB6E2 /* Debug */ = {
			isa = XCBuildConfiguration;
			buildSettings = {
				ALWAYS_EMBED_SWIFT_STANDARD_LIBRARIES = YES;
				CODE_SIGN_STYLE = Automatic;
				CURRENT_PROJECT_VERSION = 1;
				DEVELOPMENT_TEAM = V7ET8TF7ZR;
				GENERATE_INFOPLIST_FILE = YES;
				MARKETING_VERSION = 1.0;
				PRODUCT_BUNDLE_IDENTIFIER = com.timozacherl.ShannerUITests;
				PRODUCT_NAME = "$(TARGET_NAME)";
				SWIFT_EMIT_LOC_STRINGS = NO;
				SWIFT_VERSION = 5.0;
				TARGETED_DEVICE_FAMILY = "1,2";
				TEST_TARGET_NAME = Shanner;
			};
			name = Debug;
		};
		0652800F2819A908001FB6E2 /* Release */ = {
			isa = XCBuildConfiguration;
			buildSettings = {
				ALWAYS_EMBED_SWIFT_STANDARD_LIBRARIES = YES;
				CODE_SIGN_STYLE = Automatic;
				CURRENT_PROJECT_VERSION = 1;
				DEVELOPMENT_TEAM = V7ET8TF7ZR;
				GENERATE_INFOPLIST_FILE = YES;
				MARKETING_VERSION = 1.0;
				PRODUCT_BUNDLE_IDENTIFIER = com.timozacherl.ShannerUITests;
				PRODUCT_NAME = "$(TARGET_NAME)";
				SWIFT_EMIT_LOC_STRINGS = NO;
				SWIFT_VERSION = 5.0;
				TARGETED_DEVICE_FAMILY = "1,2";
				TEST_TARGET_NAME = Shanner;
			};
			name = Release;
		};
/* End XCBuildConfiguration section */

/* Begin XCConfigurationList section */
		06527FD52819A906001FB6E2 /* Build configuration list for PBXProject "Shanner" */ = {
			isa = XCConfigurationList;
			buildConfigurations = (
				065280052819A908001FB6E2 /* Debug */,
				065280062819A908001FB6E2 /* Release */,
			);
			defaultConfigurationIsVisible = 0;
			defaultConfigurationName = Release;
		};
		065280072819A908001FB6E2 /* Build configuration list for PBXNativeTarget "Shanner" */ = {
			isa = XCConfigurationList;
			buildConfigurations = (
				065280082819A908001FB6E2 /* Debug */,
				065280092819A908001FB6E2 /* Release */,
			);
			defaultConfigurationIsVisible = 0;
			defaultConfigurationName = Release;
		};
		0652800A2819A908001FB6E2 /* Build configuration list for PBXNativeTarget "ShannerTests" */ = {
			isa = XCConfigurationList;
			buildConfigurations = (
				0652800B2819A908001FB6E2 /* Debug */,
				0652800C2819A908001FB6E2 /* Release */,
			);
			defaultConfigurationIsVisible = 0;
			defaultConfigurationName = Release;
		};
		0652800D2819A908001FB6E2 /* Build configuration list for PBXNativeTarget "ShannerUITests" */ = {
			isa = XCConfigurationList;
			buildConfigurations = (
				0652800E2819A908001FB6E2 /* Debug */,
				0652800F2819A908001FB6E2 /* Release */,
			);
			defaultConfigurationIsVisible = 0;
			defaultConfigurationName = Release;
		};
/* End XCConfigurationList section */

/* Begin XCVersionGroup section */
		06527FE62819A906001FB6E2 /* Shanner.xcdatamodeld */ = {
			isa = XCVersionGroup;
			children = (
				06527FE72819A906001FB6E2 /* Shanner.xcdatamodel */,
			);
			currentVersion = 06527FE72819A906001FB6E2 /* Shanner.xcdatamodel */;
			path = Shanner.xcdatamodeld;
			sourceTree = "<group>";
			versionGroupType = wrapper.xcdatamodel;
		};
/* End XCVersionGroup section */
	};
	rootObject = 06527FD22819A906001FB6E2 /* Project object */;
}
